
Microsoft Visual Studio Solution File, Format Version 12.00
# Visual Studio Version 17
VisualStudioVersion = 17.2.32616.157
MinimumVisualStudioVersion = 10.0.40219.1
Project("{FAE04EC0-301F-11D3-BF4B-00C04F79EFBC}") = "StudyMate", "StudyMate\StudyMate.csproj", "{AC439366-3130-4260-9CF5-E58837AA95CC}"
EndProject
Global
	GlobalSection(SolutionConfigurationPlatforms) = preSolution
		Debug|Any CPU = Debug|Any CPU
		Release|Any CPU = Release|Any CPU
	EndGlobalSection
	GlobalSection(ProjectConfigurationPlatforms) = postSolution
		{AC439366-3130-4260-9CF5-E58837AA95CC}.Debug|Any CPU.ActiveCfg = Debug|Any CPU
		{AC439366-3130-4260-9CF5-E58837AA95CC}.Debug|Any CPU.Build.0 = Debug|Any CPU
		{AC439366-3130-4260-9CF5-E58837AA95CC}.Release|Any CPU.ActiveCfg = Release|Any CPU
		{AC439366-3130-4260-9CF5-E58837AA95CC}.Release|Any CPU.Build.0 = Release|Any CPU
	EndGlobalSection
	GlobalSection(SolutionProperties) = preSolution
		HideSolutionNode = FALSE
	EndGlobalSection
	GlobalSection(ExtensibilityGlobals) = postSolution
		SolutionGuid = {65021F3E-2C3C-49A8-B019-0C72DB6E2EC7}
	EndGlobalSection
EndGlobal
